
Microsoft Visual Studio Solution File, Format Version 12.00
# Visual Studio Version 18
VisualStudioVersion = 18.1.11304.174
MinimumVisualStudioVersion = 10.0.40219.1
Project("{9A19103F-16F7-4668-BE54-9A1E7A4F7556}") = "Ufo.Server", "Ufo.Server\Ufo.Server.csproj", "{B29C4DCD-0F63-4A89-94B6-AF9FC4FB3CE7}"
EndProject
Project("{54A90642-561A-4BB1-A94E-469ADEE60C69}") = "ufo.client", "ufo.client\ufo.client.esproj", "{33000513-8C98-4FE0-8789-4F7AA45D07AF}"
EndProject
Project("{9A19103F-16F7-4668-BE54-9A1E7A4F7556}") = "Ufo.Abstractions", "Ufo.Abstractions\Ufo.Abstractions.csproj", "{42317B61-1CBE-400E-8B9A-0CECE3A1C4FE}"
EndProject
Project("{9A19103F-16F7-4668-BE54-9A1E7A4F7556}") = "Ufo.Database", "Ufo.Database\Ufo.Database.csproj", "{F1426AD6-68F0-49AF-B1CC-6075AEBE60FB}"
EndProject
Project("{FAE04EC0-301F-11D3-BF4B-00C04F79EFBC}") = "Ufo.UnitTests", "Ufo.UnitTests\Ufo.UnitTests.csproj", "{7FDC8FC0-BBA4-4167-B525-C7F68C5CB144}"
EndProject
Project("{2150E333-8FDC-42A3-9474-1A3956D46DE8}") = "Solution Items", "Solution Items", "{F7C511B7-AABE-4FCF-984C-0DABD7E0573B}"
	ProjectSection(SolutionItems) = preProject
		.gitignore = .gitignore
		PROJECT_ANALYSIS.md = PROJECT_ANALYSIS.md
		README.md = README.md
	EndProjectSection
EndProject
Project("{2150E333-8FDC-42A3-9474-1A3956D46DE8}") = "Tests", "Tests", "{147CC9D4-B07B-413E-9502-0BB412AA0EFE}"
EndProject
Project("{FAE04EC0-301F-11D3-BF4B-00C04F79EFBC}") = "Ufo.IntegrationTests", "Ufo.IntegrationTests\Ufo.IntegrationTests.csproj", "{F14E4876-EDCF-4BE6-B417-1069711D6425}"
EndProject
Project("{FAE04EC0-301F-11D3-BF4B-00C04F79EFBC}") = "Ufo.FunctionalTests", "Ufo.FunctionalTests\Ufo.FunctionalTests.csproj", "{3AD93E68-B86F-4631-8595-96B9558D6F08}"
EndProject
Project("{FAE04EC0-301F-11D3-BF4B-00C04F79EFBC}") = "Ufo.Platform.Windows", "Ufo.Platform.Windows\Ufo.Platform.Windows.csproj", "{BAD750B4-611B-44E3-BD75-FA24A22BBD7F}"
EndProject
Project("{FAE04EC0-301F-11D3-BF4B-00C04F79EFBC}") = "Ufo.Desktop", "Ufo.Desktop\Ufo.Desktop.csproj", "{6FC984DB-6BA7-4F59-B1E6-1CD85E12CF26}"
EndProject
Global
	GlobalSection(SolutionConfigurationPlatforms) = preSolution
		Debug|Any CPU = Debug|Any CPU
		Debug|x64 = Debug|x64
		Debug|x86 = Debug|x86
		Release|Any CPU = Release|Any CPU
		Release|x64 = Release|x64
		Release|x86 = Release|x86
	EndGlobalSection
	GlobalSection(ProjectConfigurationPlatforms) = postSolution
		{B29C4DCD-0F63-4A89-94B6-AF9FC4FB3CE7}.Debug|Any CPU.ActiveCfg = Debug|Any CPU
		{B29C4DCD-0F63-4A89-94B6-AF9FC4FB3CE7}.Debug|Any CPU.Build.0 = Debug|Any CPU
		{B29C4DCD-0F63-4A89-94B6-AF9FC4FB3CE7}.Debug|x64.ActiveCfg = Debug|Any CPU
		{B29C4DCD-0F63-4A89-94B6-AF9FC4FB3CE7}.Debug|x64.Build.0 = Debug|Any CPU
		{B29C4DCD-0F63-4A89-94B6-AF9FC4FB3CE7}.Debug|x86.ActiveCfg = Debug|Any CPU
		{B29C4DCD-0F63-4A89-94B6-AF9FC4FB3CE7}.Debug|x86.Build.0 = Debug|Any CPU
		{B29C4DCD-0F63-4A89-94B6-AF9FC4FB3CE7}.Release|Any CPU.ActiveCfg = Release|Any CPU
		{B29C4DCD-0F63-4A89-94B6-AF9FC4FB3CE7}.Release|Any CPU.Build.0 = Release|Any CPU
		{B29C4DCD-0F63-4A89-94B6-AF9FC4FB3CE7}.Release|x64.ActiveCfg = Release|Any CPU
		{B29C4DCD-0F63-4A89-94B6-AF9FC4FB3CE7}.Release|x64.Build.0 = Release|Any CPU
		{B29C4DCD-0F63-4A89-94B6-AF9FC4FB3CE7}.Release|x86.ActiveCfg = Release|Any CPU
		{B29C4DCD-0F63-4A89-94B6-AF9FC4FB3CE7}.Release|x86.Build.0 = Release|Any CPU
		{33000513-8C98-4FE0-8789-4F7AA45D07AF}.Debug|Any CPU.ActiveCfg = Debug|Any CPU
		{33000513-8C98-4FE0-8789-4F7AA45D07AF}.Debug|Any CPU.Build.0 = Debug|Any CPU
		{33000513-8C98-4FE0-8789-4F7AA45D07AF}.Debug|Any CPU.Deploy.0 = Debug|Any CPU
		{33000513-8C98-4FE0-8789-4F7AA45D07AF}.Debug|x64.ActiveCfg = Debug|x64
		{33000513-8C98-4FE0-8789-4F7AA45D07AF}.Debug|x86.ActiveCfg = Debug|x86
		{33000513-8C98-4FE0-8789-4F7AA45D07AF}.Release|Any CPU.ActiveCfg = Release|Any CPU
		{33000513-8C98-4FE0-8789-4F7AA45D07AF}.Release|Any CPU.Build.0 = Release|Any CPU
		{33000513-8C98-4FE0-8789-4F7AA45D07AF}.Release|Any CPU.Deploy.0 = Release|Any CPU
		{33000513-8C98-4FE0-8789-4F7AA45D07AF}.Release|x64.ActiveCfg = Release|x64
		{33000513-8C98-4FE0-8789-4F7AA45D07AF}.Release|x86.ActiveCfg = Release|x86
		{42317B61-1CBE-400E-8B9A-0CECE3A1C4FE}.Debug|Any CPU.ActiveCfg = Debug|Any CPU
		{42317B61-1CBE-400E-8B9A-0CECE3A1C4FE}.Debug|Any CPU.Build.0 = Debug|Any CPU
		{42317B61-1CBE-400E-8B9A-0CECE3A1C4FE}.Debug|x64.ActiveCfg = Debug|Any CPU
		{42317B61-1CBE-400E-8B9A-0CECE3A1C4FE}.Debug|x64.Build.0 = Debug|Any CPU
		{42317B61-1CBE-400E-8B9A-0CECE3A1C4FE}.Debug|x86.ActiveCfg = Debug|Any CPU
		{42317B61-1CBE-400E-8B9A-0CECE3A1C4FE}.Debug|x86.Build.0 = Debug|Any CPU
		{42317B61-1CBE-400E-8B9A-0CECE3A1C4FE}.Release|Any CPU.ActiveCfg = Release|Any CPU
		{42317B61-1CBE-400E-8B9A-0CECE3A1C4FE}.Release|Any CPU.Build.0 = Release|Any CPU
		{42317B61-1CBE-400E-8B9A-0CECE3A1C4FE}.Release|x64.ActiveCfg = Release|Any CPU
		{42317B61-1CBE-400E-8B9A-0CECE3A1C4FE}.Release|x64.Build.0 = Release|Any CPU
		{42317B61-1CBE-400E-8B9A-0CECE3A1C4FE}.Release|x86.ActiveCfg = Release|Any CPU
		{42317B61-1CBE-400E-8B9A-0CECE3A1C4FE}.Release|x86.Build.0 = Release|Any CPU
		{F1426AD6-68F0-49AF-B1CC-6075AEBE60FB}.Debug|Any CPU.ActiveCfg = Debug|Any CPU
		{F1426AD6-68F0-49AF-B1CC-6075AEBE60FB}.Debug|Any CPU.Build.0 = Debug|Any CPU
		{F1426AD6-68F0-49AF-B1CC-6075AEBE60FB}.Debug|x64.ActiveCfg = Debug|Any CPU
		{F1426AD6-68F0-49AF-B1CC-6075AEBE60FB}.Debug|x64.Build.0 = Debug|Any CPU
		{F1426AD6-68F0-49AF-B1CC-6075AEBE60FB}.Debug|x86.ActiveCfg = Debug|Any CPU
		{F1426AD6-68F0-49AF-B1CC-6075AEBE60FB}.Debug|x86.Build.0 = Debug|Any CPU
		{F1426AD6-68F0-49AF-B1CC-6075AEBE60FB}.Release|Any CPU.ActiveCfg = Release|Any CPU
		{F1426AD6-68F0-49AF-B1CC-6075AEBE60FB}.Release|Any CPU.Build.0 = Release|Any CPU
		{F1426AD6-68F0-49AF-B1CC-6075AEBE60FB}.Release|x64.ActiveCfg = Release|Any CPU
		{F1426AD6-68F0-49AF-B1CC-6075AEBE60FB}.Release|x64.Build.0 = Release|Any CPU
		{F1426AD6-68F0-49AF-B1CC-6075AEBE60FB}.Release|x86.ActiveCfg = Release|Any CPU
		{F1426AD6-68F0-49AF-B1CC-6075AEBE60FB}.Release|x86.Build.0 = Release|Any CPU
		{7FDC8FC0-BBA4-4167-B525-C7F68C5CB144}.Debug|Any CPU.ActiveCfg = Debug|Any CPU
		{7FDC8FC0-BBA4-4167-B525-C7F68C5CB144}.Debug|Any CPU.Build.0 = Debug|Any CPU
		{7FDC8FC0-BBA4-4167-B525-C7F68C5CB144}.Debug|x64.ActiveCfg = Debug|Any CPU
		{7FDC8FC0-BBA4-4167-B525-C7F68C5CB144}.Debug|x64.Build.0 = Debug|Any CPU
		{7FDC8FC0-BBA4-4167-B525-C7F68C5CB144}.Debug|x86.ActiveCfg = Debug|Any CPU
		{7FDC8FC0-BBA4-4167-B525-C7F68C5CB144}.Debug|x86.Build.0 = Debug|Any CPU
		{7FDC8FC0-BBA4-4167-B525-C7F68C5CB144}.Release|Any CPU.ActiveCfg = Release|Any CPU
		{7FDC8FC0-BBA4-4167-B525-C7F68C5CB144}.Release|Any CPU.Build.0 = Release|Any CPU
		{7FDC8FC0-BBA4-4167-B525-C7F68C5CB144}.Release|x64.ActiveCfg = Release|Any CPU
		{7FDC8FC0-BBA4-4167-B525-C7F68C5CB144}.Release|x64.Build.0 = Release|Any CPU
		{7FDC8FC0-BBA4-4167-B525-C7F68C5CB144}.Release|x86.ActiveCfg = Release|Any CPU
		{7FDC8FC0-BBA4-4167-B525-C7F68C5CB144}.Release|x86.Build.0 = Release|Any CPU
		{F14E4876-EDCF-4BE6-B417-1069711D6425}.Debug|Any CPU.ActiveCfg = Debug|Any CPU
		{F14E4876-EDCF-4BE6-B417-1069711D6425}.Debug|Any CPU.Build.0 = Debug|Any CPU
		{F14E4876-EDCF-4BE6-B417-1069711D6425}.Debug|x64.ActiveCfg = Debug|Any CPU
		{F14E4876-EDCF-4BE6-B417-1069711D6425}.Debug|x64.Build.0 = Debug|Any CPU
		{F14E4876-EDCF-4BE6-B417-1069711D6425}.Debug|x86.ActiveCfg = Debug|Any CPU
		{F14E4876-EDCF-4BE6-B417-1069711D6425}.Debug|x86.Build.0 = Debug|Any CPU
		{F14E4876-EDCF-4BE6-B417-1069711D6425}.Release|Any CPU.ActiveCfg = Release|Any CPU
		{F14E4876-EDCF-4BE6-B417-1069711D6425}.Release|Any CPU.Build.0 = Release|Any CPU
		{F14E4876-EDCF-4BE6-B417-1069711D6425}.Release|x64.ActiveCfg = Release|Any CPU
		{F14E4876-EDCF-4BE6-B417-1069711D6425}.Release|x64.Build.0 = Release|Any CPU
		{F14E4876-EDCF-4BE6-B417-1069711D6425}.Release|x86.ActiveCfg = Release|Any CPU
		{F14E4876-EDCF-4BE6-B417-1069711D6425}.Release|x86.Build.0 = Release|Any CPU
		{3AD93E68-B86F-4631-8595-96B9558D6F08}.Debug|Any CPU.ActiveCfg = Debug|Any CPU
		{3AD93E68-B86F-4631-8595-96B9558D6F08}.Debug|Any CPU.Build.0 = Debug|Any CPU
		{3AD93E68-B86F-4631-8595-96B9558D6F08}.Debug|x64.ActiveCfg = Debug|Any CPU
		{3AD93E68-B86F-4631-8595-96B9558D6F08}.Debug|x64.Build.0 = Debug|Any CPU
		{3AD93E68-B86F-4631-8595-96B9558D6F08}.Debug|x86.ActiveCfg = Debug|Any CPU
		{3AD93E68-B86F-4631-8595-96B9558D6F08}.Debug|x86.Build.0 = Debug|Any CPU
		{3AD93E68-B86F-4631-8595-96B9558D6F08}.Release|Any CPU.ActiveCfg = Release|Any CPU
		{3AD93E68-B86F-4631-8595-96B9558D6F08}.Release|Any CPU.Build.0 = Release|Any CPU
		{3AD93E68-B86F-4631-8595-96B9558D6F08}.Release|x64.ActiveCfg = Release|Any CPU
		{3AD93E68-B86F-4631-8595-96B9558D6F08}.Release|x64.Build.0 = Release|Any CPU
		{3AD93E68-B86F-4631-8595-96B9558D6F08}.Release|x86.ActiveCfg = Release|Any CPU
		{3AD93E68-B86F-4631-8595-96B9558D6F08}.Release|x86.Build.0 = Release|Any CPU
		{BAD750B4-611B-44E3-BD75-FA24A22BBD7F}.Debug|Any CPU.ActiveCfg = Debug|Any CPU
		{BAD750B4-611B-44E3-BD75-FA24A22BBD7F}.Debug|Any CPU.Build.0 = Debug|Any CPU
		{BAD750B4-611B-44E3-BD75-FA24A22BBD7F}.Debug|x64.ActiveCfg = Debug|Any CPU
		{BAD750B4-611B-44E3-BD75-FA24A22BBD7F}.Debug|x64.Build.0 = Debug|Any CPU
		{BAD750B4-611B-44E3-BD75-FA24A22BBD7F}.Debug|x86.ActiveCfg = Debug|Any CPU
		{BAD750B4-611B-44E3-BD75-FA24A22BBD7F}.Debug|x86.Build.0 = Debug|Any CPU
		{BAD750B4-611B-44E3-BD75-FA24A22BBD7F}.Release|Any CPU.ActiveCfg = Release|Any CPU
		{BAD750B4-611B-44E3-BD75-FA24A22BBD7F}.Release|Any CPU.Build.0 = Release|Any CPU
		{BAD750B4-611B-44E3-BD75-FA24A22BBD7F}.Release|x64.ActiveCfg = Release|Any CPU
		{BAD750B4-611B-44E3-BD75-FA24A22BBD7F}.Release|x64.Build.0 = Release|Any CPU
		{BAD750B4-611B-44E3-BD75-FA24A22BBD7F}.Release|x86.ActiveCfg = Release|Any CPU
		{BAD750B4-611B-44E3-BD75-FA24A22BBD7F}.Release|x86.Build.0 = Release|Any CPU
		{6FC984DB-6BA7-4F59-B1E6-1CD85E12CF26}.Debug|Any CPU.ActiveCfg = Debug|Any CPU
		{6FC984DB-6BA7-4F59-B1E6-1CD85E12CF26}.Debug|Any CPU.Build.0 = Debug|Any CPU
		{6FC984DB-6BA7-4F59-B1E6-1CD85E12CF26}.Debug|x64.ActiveCfg = Debug|Any CPU
		{6FC984DB-6BA7-4F59-B1E6-1CD85E12CF26}.Debug|x64.Build.0 = Debug|Any CPU
		{6FC984DB-6BA7-4F59-B1E6-1CD85E12CF26}.Debug|x86.ActiveCfg = Debug|Any CPU
		{6FC984DB-6BA7-4F59-B1E6-1CD85E12CF26}.Debug|x86.Build.0 = Debug|Any CPU
		{6FC984DB-6BA7-4F59-B1E6-1CD85E12CF26}.Release|Any CPU.ActiveCfg = Release|Any CPU
		{6FC984DB-6BA7-4F59-B1E6-1CD85E12CF26}.Release|Any CPU.Build.0 = Release|Any CPU
		{6FC984DB-6BA7-4F59-B1E6-1CD85E12CF26}.Release|x64.ActiveCfg = Release|Any CPU
		{6FC984DB-6BA7-4F59-B1E6-1CD85E12CF26}.Release|x64.Build.0 = Release|Any CPU
		{6FC984DB-6BA7-4F59-B1E6-1CD85E12CF26}.Release|x86.ActiveCfg = Release|Any CPU
		{6FC984DB-6BA7-4F59-B1E6-1CD85E12CF26}.Release|x86.Build.0 = Release|Any CPU
	EndGlobalSection
	GlobalSection(SolutionProperties) = preSolution
		HideSolutionNode = FALSE
	EndGlobalSection
	GlobalSection(NestedProjects) = preSolution
		{7FDC8FC0-BBA4-4167-B525-C7F68C5CB144} = {147CC9D4-B07B-413E-9502-0BB412AA0EFE}
		{F14E4876-EDCF-4BE6-B417-1069711D6425} = {147CC9D4-B07B-413E-9502-0BB412AA0EFE}
		{3AD93E68-B86F-4631-8595-96B9558D6F08} = {147CC9D4-B07B-413E-9502-0BB412AA0EFE}
	EndGlobalSection
	GlobalSection(ExtensibilityGlobals) = postSolution
		SolutionGuid = {573B03E3-1947-4FA0-8CAB-860C2AC2048F}
	EndGlobalSection
EndGlobal
