
Microsoft Visual Studio Solution File, Format Version 12.00
# Visual Studio Version 18
VisualStudioVersion = 18.1.11304.174 d18.0
MinimumVisualStudioVersion = 10.0.40219.1
Project("{9A19103F-16F7-4668-BE54-9A1E7A4F7556}") = "Ufo.Server", "Ufo.Server\Ufo.Server.csproj", "{B29C4DCD-0F63-4A89-94B6-AF9FC4FB3CE7}"
EndProject
Project("{54A90642-561A-4BB1-A94E-469ADEE60C69}") = "ufo.client", "ufo.client\ufo.client.esproj", "{33000513-8C98-4FE0-8789-4F7AA45D07AF}"
EndProject
Project("{9A19103F-16F7-4668-BE54-9A1E7A4F7556}") = "Ufo.Abstractions", "Ufo.Abstractions\Ufo.Abstractions.csproj", "{42317B61-1CBE-400E-8B9A-0CECE3A1C4FE}"
EndProject
Project("{9A19103F-16F7-4668-BE54-9A1E7A4F7556}") = "Ufo.Database", "Ufo.Database\Ufo.Database.csproj", "{F1426AD6-68F0-49AF-B1CC-6075AEBE60FB}"
EndProject
Project("{FAE04EC0-301F-11D3-BF4B-00C04F79EFBC}") = "Ufo.UnitTests", "Ufo.UnitTests\Ufo.UnitTests.csproj", "{7FDC8FC0-BBA4-4167-B525-C7F68C5CB144}"
EndProject
Project("{FAE04EC0-301F-11D3-BF4B-00C04F79EFBC}") = "Ufo.IntegrationTests", "Ufo.IntegrationTests\Ufo.IntegrationTests.csproj", "{AB59D0FB-DF50-4F5C-AAF8-B57997579073}"
EndProject
Global
	GlobalSection(SolutionConfigurationPlatforms) = preSolution
		Debug|Any CPU = Debug|Any CPU
		Release|Any CPU = Release|Any CPU
	EndGlobalSection
	GlobalSection(ProjectConfigurationPlatforms) = postSolution
		{B29C4DCD-0F63-4A89-94B6-AF9FC4FB3CE7}.Debug|Any CPU.ActiveCfg = Debug|Any CPU
		{B29C4DCD-0F63-4A89-94B6-AF9FC4FB3CE7}.Debug|Any CPU.Build.0 = Debug|Any CPU
		{B29C4DCD-0F63-4A89-94B6-AF9FC4FB3CE7}.Release|Any CPU.ActiveCfg = Release|Any CPU
		{B29C4DCD-0F63-4A89-94B6-AF9FC4FB3CE7}.Release|Any CPU.Build.0 = Release|Any CPU
		{33000513-8C98-4FE0-8789-4F7AA45D07AF}.Debug|Any CPU.ActiveCfg = Debug|Any CPU
		{33000513-8C98-4FE0-8789-4F7AA45D07AF}.Debug|Any CPU.Build.0 = Debug|Any CPU
		{33000513-8C98-4FE0-8789-4F7AA45D07AF}.Debug|Any CPU.Deploy.0 = Debug|Any CPU
		{33000513-8C98-4FE0-8789-4F7AA45D07AF}.Release|Any CPU.ActiveCfg = Release|Any CPU
		{33000513-8C98-4FE0-8789-4F7AA45D07AF}.Release|Any CPU.Build.0 = Release|Any CPU
		{33000513-8C98-4FE0-8789-4F7AA45D07AF}.Release|Any CPU.Deploy.0 = Release|Any CPU
		{42317B61-1CBE-400E-8B9A-0CECE3A1C4FE}.Debug|Any CPU.ActiveCfg = Debug|Any CPU
		{42317B61-1CBE-400E-8B9A-0CECE3A1C4FE}.Debug|Any CPU.Build.0 = Debug|Any CPU
		{42317B61-1CBE-400E-8B9A-0CECE3A1C4FE}.Release|Any CPU.ActiveCfg = Release|Any CPU
		{42317B61-1CBE-400E-8B9A-0CECE3A1C4FE}.Release|Any CPU.Build.0 = Release|Any CPU
		{F1426AD6-68F0-49AF-B1CC-6075AEBE60FB}.Debug|Any CPU.ActiveCfg = Debug|Any CPU
		{F1426AD6-68F0-49AF-B1CC-6075AEBE60FB}.Debug|Any CPU.Build.0 = Debug|Any CPU
		{F1426AD6-68F0-49AF-B1CC-6075AEBE60FB}.Release|Any CPU.ActiveCfg = Release|Any CPU
		{F1426AD6-68F0-49AF-B1CC-6075AEBE60FB}.Release|Any CPU.Build.0 = Release|Any CPU
		{7FDC8FC0-BBA4-4167-B525-C7F68C5CB144}.Debug|Any CPU.ActiveCfg = Debug|Any CPU
		{7FDC8FC0-BBA4-4167-B525-C7F68C5CB144}.Debug|Any CPU.Build.0 = Debug|Any CPU
		{7FDC8FC0-BBA4-4167-B525-C7F68C5CB144}.Release|Any CPU.ActiveCfg = Release|Any CPU
		{7FDC8FC0-BBA4-4167-B525-C7F68C5CB144}.Release|Any CPU.Build.0 = Release|Any CPU
		{AB59D0FB-DF50-4F5C-AAF8-B57997579073}.Debug|Any CPU.ActiveCfg = Debug|Any CPU
		{AB59D0FB-DF50-4F5C-AAF8-B57997579073}.Debug|Any CPU.Build.0 = Debug|Any CPU
		{AB59D0FB-DF50-4F5C-AAF8-B57997579073}.Release|Any CPU.ActiveCfg = Release|Any CPU
		{AB59D0FB-DF50-4F5C-AAF8-B57997579073}.Release|Any CPU.Build.0 = Release|Any CPU
	EndGlobalSection
	GlobalSection(SolutionProperties) = preSolution
		HideSolutionNode = FALSE
	EndGlobalSection
	GlobalSection(ExtensibilityGlobals) = postSolution
		SolutionGuid = {573B03E3-1947-4FA0-8CAB-860C2AC2048F}
	EndGlobalSection
EndGlobal
